
Microsoft Visual Studio Solution File, Format Version 12.00
# Visual Studio 15
VisualStudioVersion = 15.0.26124.0
MinimumVisualStudioVersion = 15.0.26124.0
Project("{FAE04EC0-301F-11D3-BF4B-00C04F79EFBC}") = "ProjetoVSCodeLinux", "ProjetoVSCodeLinux\ProjetoVSCodeLinux.csproj", "{AB8BAD14-0AD2-45D9-B03E-EC73C2709FEA}"
EndProject
Project("{FAE04EC0-301F-11D3-BF4B-00C04F79EFBC}") = "VSCodeLinuxBLL", "VSCodeLinuxBLL\VSCodeLinuxBLL.csproj", "{50F3F029-B09A-4323-997E-E1585F26E728}"
EndProject
Project("{FAE04EC0-301F-11D3-BF4B-00C04F79EFBC}") = "VSCodeLinuxModel", "VSCodeLinuxModel\VSCodeLinuxModel.csproj", "{DE97DF90-E290-4EAC-AD36-F421D3B82A85}"
EndProject
Project("{FAE04EC0-301F-11D3-BF4B-00C04F79EFBC}") = "VSCodeLinuxDAL", "VSCodeLinuxDAL\VSCodeLinuxDAL.csproj", "{88C667C5-B96F-42FB-99E1-3351029C2CA2}"
EndProject
Global
	GlobalSection(SolutionConfigurationPlatforms) = preSolution
		Debug|Any CPU = Debug|Any CPU
		Debug|x64 = Debug|x64
		Debug|x86 = Debug|x86
		Release|Any CPU = Release|Any CPU
		Release|x64 = Release|x64
		Release|x86 = Release|x86
	EndGlobalSection
	GlobalSection(SolutionProperties) = preSolution
		HideSolutionNode = FALSE
	EndGlobalSection
	GlobalSection(ProjectConfigurationPlatforms) = postSolution
		{AB8BAD14-0AD2-45D9-B03E-EC73C2709FEA}.Debug|Any CPU.ActiveCfg = Debug|Any CPU
		{AB8BAD14-0AD2-45D9-B03E-EC73C2709FEA}.Debug|Any CPU.Build.0 = Debug|Any CPU
		{AB8BAD14-0AD2-45D9-B03E-EC73C2709FEA}.Debug|x64.ActiveCfg = Debug|Any CPU
		{AB8BAD14-0AD2-45D9-B03E-EC73C2709FEA}.Debug|x64.Build.0 = Debug|Any CPU
		{AB8BAD14-0AD2-45D9-B03E-EC73C2709FEA}.Debug|x86.ActiveCfg = Debug|Any CPU
		{AB8BAD14-0AD2-45D9-B03E-EC73C2709FEA}.Debug|x86.Build.0 = Debug|Any CPU
		{AB8BAD14-0AD2-45D9-B03E-EC73C2709FEA}.Release|Any CPU.ActiveCfg = Release|Any CPU
		{AB8BAD14-0AD2-45D9-B03E-EC73C2709FEA}.Release|Any CPU.Build.0 = Release|Any CPU
		{AB8BAD14-0AD2-45D9-B03E-EC73C2709FEA}.Release|x64.ActiveCfg = Release|Any CPU
		{AB8BAD14-0AD2-45D9-B03E-EC73C2709FEA}.Release|x64.Build.0 = Release|Any CPU
		{AB8BAD14-0AD2-45D9-B03E-EC73C2709FEA}.Release|x86.ActiveCfg = Release|Any CPU
		{AB8BAD14-0AD2-45D9-B03E-EC73C2709FEA}.Release|x86.Build.0 = Release|Any CPU
		{50F3F029-B09A-4323-997E-E1585F26E728}.Debug|Any CPU.ActiveCfg = Debug|Any CPU
		{50F3F029-B09A-4323-997E-E1585F26E728}.Debug|Any CPU.Build.0 = Debug|Any CPU
		{50F3F029-B09A-4323-997E-E1585F26E728}.Debug|x64.ActiveCfg = Debug|Any CPU
		{50F3F029-B09A-4323-997E-E1585F26E728}.Debug|x64.Build.0 = Debug|Any CPU
		{50F3F029-B09A-4323-997E-E1585F26E728}.Debug|x86.ActiveCfg = Debug|Any CPU
		{50F3F029-B09A-4323-997E-E1585F26E728}.Debug|x86.Build.0 = Debug|Any CPU
		{50F3F029-B09A-4323-997E-E1585F26E728}.Release|Any CPU.ActiveCfg = Release|Any CPU
		{50F3F029-B09A-4323-997E-E1585F26E728}.Release|Any CPU.Build.0 = Release|Any CPU
		{50F3F029-B09A-4323-997E-E1585F26E728}.Release|x64.ActiveCfg = Release|Any CPU
		{50F3F029-B09A-4323-997E-E1585F26E728}.Release|x64.Build.0 = Release|Any CPU
		{50F3F029-B09A-4323-997E-E1585F26E728}.Release|x86.ActiveCfg = Release|Any CPU
		{50F3F029-B09A-4323-997E-E1585F26E728}.Release|x86.Build.0 = Release|Any CPU
		{DE97DF90-E290-4EAC-AD36-F421D3B82A85}.Debug|Any CPU.ActiveCfg = Debug|Any CPU
		{DE97DF90-E290-4EAC-AD36-F421D3B82A85}.Debug|Any CPU.Build.0 = Debug|Any CPU
		{DE97DF90-E290-4EAC-AD36-F421D3B82A85}.Debug|x64.ActiveCfg = Debug|Any CPU
		{DE97DF90-E290-4EAC-AD36-F421D3B82A85}.Debug|x64.Build.0 = Debug|Any CPU
		{DE97DF90-E290-4EAC-AD36-F421D3B82A85}.Debug|x86.ActiveCfg = Debug|Any CPU
		{DE97DF90-E290-4EAC-AD36-F421D3B82A85}.Debug|x86.Build.0 = Debug|Any CPU
		{DE97DF90-E290-4EAC-AD36-F421D3B82A85}.Release|Any CPU.ActiveCfg = Release|Any CPU
		{DE97DF90-E290-4EAC-AD36-F421D3B82A85}.Release|Any CPU.Build.0 = Release|Any CPU
		{DE97DF90-E290-4EAC-AD36-F421D3B82A85}.Release|x64.ActiveCfg = Release|Any CPU
		{DE97DF90-E290-4EAC-AD36-F421D3B82A85}.Release|x64.Build.0 = Release|Any CPU
		{DE97DF90-E290-4EAC-AD36-F421D3B82A85}.Release|x86.ActiveCfg = Release|Any CPU
		{DE97DF90-E290-4EAC-AD36-F421D3B82A85}.Release|x86.Build.0 = Release|Any CPU
		{88C667C5-B96F-42FB-99E1-3351029C2CA2}.Debug|Any CPU.ActiveCfg = Debug|Any CPU
		{88C667C5-B96F-42FB-99E1-3351029C2CA2}.Debug|Any CPU.Build.0 = Debug|Any CPU
		{88C667C5-B96F-42FB-99E1-3351029C2CA2}.Debug|x64.ActiveCfg = Debug|Any CPU
		{88C667C5-B96F-42FB-99E1-3351029C2CA2}.Debug|x64.Build.0 = Debug|Any CPU
		{88C667C5-B96F-42FB-99E1-3351029C2CA2}.Debug|x86.ActiveCfg = Debug|Any CPU
		{88C667C5-B96F-42FB-99E1-3351029C2CA2}.Debug|x86.Build.0 = Debug|Any CPU
		{88C667C5-B96F-42FB-99E1-3351029C2CA2}.Release|Any CPU.ActiveCfg = Release|Any CPU
		{88C667C5-B96F-42FB-99E1-3351029C2CA2}.Release|Any CPU.Build.0 = Release|Any CPU
		{88C667C5-B96F-42FB-99E1-3351029C2CA2}.Release|x64.ActiveCfg = Release|Any CPU
		{88C667C5-B96F-42FB-99E1-3351029C2CA2}.Release|x64.Build.0 = Release|Any CPU
		{88C667C5-B96F-42FB-99E1-3351029C2CA2}.Release|x86.ActiveCfg = Release|Any CPU
		{88C667C5-B96F-42FB-99E1-3351029C2CA2}.Release|x86.Build.0 = Release|Any CPU
	EndGlobalSection
EndGlobal
